<?xml version="1.0" encoding="UTF-8"?>
<Scheme
   version = "1.3">
   <BuildAction>
      <BuildActionEntries>
         <BuildActionEntry
            buildForRunning = "YES">
            <BuildableReference
               BuildableIdentifier = "primary"
               BlueprintIdentifier = "B900B35222CF24980059ED3F"
               BuildableName = "XCodeGenSimpleSample.app"
               BlueprintName = "XCodeGenSimpleSample"
               ReferencedContainer = "container:XCodeGenSimpleSample.xcodeproj">
            </BuildableReference>
         </BuildActionEntry>
      </BuildActionEntries>
   </BuildAction>
   <LaunchAction
      useCustomWorkingDirectory = "NO"
      buildConfiguration = "Debug"
      allowLocationSimulation = "YES">
      <BuildableProductRunnable>
         <BuildableReference
            BuildableIdentifier = "primary"
            BlueprintIdentifier = "B900B35222CF24980059ED3F"
            BuildableName = "XCodeGenSimpleSample.app"
            BlueprintName = "XCodeGenSimpleSample"
            ReferencedContainer = "container:XCodeGenSimpleSample.xcodeproj">
         </BuildableReference>
      </BuildableProductRunnable>
   </LaunchAction>
</Scheme>
